// !$*UTF8*$!
{
	archiveVersion = 1;
	classes = {
	};
	objectVersion = 46;
	objects = {

/* Begin PBXBuildFile section */
		3D8217E11D3F45A20077850F /* NSAttributedString+Category.m in Sources */ = {isa = PBXBuildFile; fileRef = 3D8217A61D3F45A20077850F /* NSAttributedString+Category.m */; };
		3D8217E31D3F45A20077850F /* NSData+CommonCryptor.m in Sources */ = {isa = PBXBuildFile; fileRef = 3D8217AA1D3F45A20077850F /* NSData+CommonCryptor.m */; };
		3D8217E41D3F45A20077850F /* NSDictionary+Category.m in Sources */ = {isa = PBXBuildFile; fileRef = 3D8217AC1D3F45A20077850F /* NSDictionary+Category.m */; };
		3D8217E81D3F45A20077850F /* NSString+Category.m in Sources */ = {isa = PBXBuildFile; fileRef = 3D8217B41D3F45A20077850F /* NSString+Category.m */; };
		3D8217EA1D3F45A20077850F /* NSString+MD5.m in Sources */ = {isa = PBXBuildFile; fileRef = 3D8217B81D3F45A20077850F /* NSString+MD5.m */; };
		3D8217EF1D3F45A20077850F /* UIButton+Category.m in Sources */ = {isa = PBXBuildFile; fileRef = 3D8217C21D3F45A20077850F /* UIButton+Category.m */; };
		3D8217F51D3F45A20077850F /* UIImage+Category.m in Sources */ = {isa = PBXBuildFile; fileRef = 3D8217CE1D3F45A20077850F /* UIImage+Category.m */; };
		3D8217F71D3F45A20077850F /* UIMenuItem+Category.m in Sources */ = {isa = PBXBuildFile; fileRef = 3D8217D21D3F45A20077850F /* UIMenuItem+Category.m */; };
		3D8217FB1D3F45A20077850F /* UIView+Category.m in Sources */ = {isa = PBXBuildFile; fileRef = 3D8217DA1D3F45A20077850F /* UIView+Category.m */; };
		3D8218031D3F514F0077850F /* NSArray+Category.m in Sources */ = {isa = PBXBuildFile; fileRef = 3D8218021D3F514F0077850F /* NSArray+Category.m */; };
		3D8218091D3F5ECB0077850F /* NSString+Predicate.m in Sources */ = {isa = PBXBuildFile; fileRef = 3D8218081D3F5ECB0077850F /* NSString+Predicate.m */; };
		3D82180F1D3F6A930077850F /* NSString+DisplayTime.m in Sources */ = {isa = PBXBuildFile; fileRef = 3D82180E1D3F6A930077850F /* NSString+DisplayTime.m */; };
		3DC904131F4D748700E56004 /* NSObject+Category.m in Sources */ = {isa = PBXBuildFile; fileRef = 3DC904121F4D748700E56004 /* NSObject+Category.m */; };
		3DC904161F4D790F00E56004 /* NSObject+PerformBlock.m in Sources */ = {isa = PBXBuildFile; fileRef = 3DC904151F4D790F00E56004 /* NSObject+PerformBlock.m */; };
		3DC9041C1F4D7E6E00E56004 /* UIView+Frame.m in Sources */ = {isa = PBXBuildFile; fileRef = 3DC9041B1F4D7E6E00E56004 /* UIView+Frame.m */; };
		3DC9041F1F4D87E200E56004 /* UIColor+Category.m in Sources */ = {isa = PBXBuildFile; fileRef = 3DC9041E1F4D87E200E56004 /* UIColor+Category.m */; };
		3DC904221F4EAE2F00E56004 /* NSString+Safe.m in Sources */ = {isa = PBXBuildFile; fileRef = 3DC904211F4EAE2F00E56004 /* NSString+Safe.m */; };
		3DC904251F4EB8CD00E56004 /* NSMutableString+Safe.m in Sources */ = {isa = PBXBuildFile; fileRef = 3DC904241F4EB8CD00E56004 /* NSMutableString+Safe.m */; };
		3DD78BCD1F669053003B8E9F /* UITableView+CellAnimation.m in Sources */ = {isa = PBXBuildFile; fileRef = 3DD78BCC1F669053003B8E9F /* UITableView+CellAnimation.m */; };
		3DFAD8EC20AEA1400067ACDE /* NSDictionary+Safe.m in Sources */ = {isa = PBXBuildFile; fileRef = 3DFAD8EB20AEA1400067ACDE /* NSDictionary+Safe.m */; };
		3DFAD8EF20AEA1870067ACDE /* NSMutableDictionary+Safe.m in Sources */ = {isa = PBXBuildFile; fileRef = 3DFAD8EE20AEA1870067ACDE /* NSMutableDictionary+Safe.m */; };
		3DFAD8F220AEA7F80067ACDE /* NSArray+Safe.m in Sources */ = {isa = PBXBuildFile; fileRef = 3DFAD8F120AEA7F80067ACDE /* NSArray+Safe.m */; };
		3DFAD8F520AEB58C0067ACDE /* NSMutableArray+Safe.m in Sources */ = {isa = PBXBuildFile; fileRef = 3DFAD8F420AEB58C0067ACDE /* NSMutableArray+Safe.m */; };
		3DFAD93820B2E0960067ACDE /* NSObject+Swizzle.m in Sources */ = {isa = PBXBuildFile; fileRef = 3DFAD93720B2E0950067ACDE /* NSObject+Swizzle.m */; };
/* End PBXBuildFile section */

/* Begin PBXCopyFilesBuildPhase section */
		3D8217931D3F44C90077850F /* CopyFiles */ = {
			isa = PBXCopyFilesBuildPhase;
			buildActionMask = 2147483647;
			dstPath = "include/$(PRODUCT_NAME)";
			dstSubfolderSpec = 16;
			files = (
			);
			runOnlyForDeploymentPostprocessing = 0;
		};
/* End PBXCopyFilesBuildPhase section */

/* Begin PBXFileReference section */
		3D8217951D3F44C90077850F /* libiOS-Category.a */ = {isa = PBXFileReference; explicitFileType = archive.ar; includeInIndex = 0; path = "libiOS-Category.a"; sourceTree = BUILT_PRODUCTS_DIR; };
		3D8217A51D3F45A20077850F /* NSAttributedString+Category.h */ = {isa = PBXFileReference; fileEncoding = 4; lastKnownFileType = sourcecode.c.h; path = "NSAttributedString+Category.h"; sourceTree = "<group>"; };
		3D8217A61D3F45A20077850F /* NSAttributedString+Category.m */ = {isa = PBXFileReference; fileEncoding = 4; lastKnownFileType = sourcecode.c.objc; path = "NSAttributedString+Category.m"; sourceTree = "<group>"; };
		3D8217A91D3F45A20077850F /* NSData+CommonCryptor.h */ = {isa = PBXFileReference; fileEncoding = 4; lastKnownFileType = sourcecode.c.h; path = "NSData+CommonCryptor.h"; sourceTree = "<group>"; };
		3D8217AA1D3F45A20077850F /* NSData+CommonCryptor.m */ = {isa = PBXFileReference; fileEncoding = 4; lastKnownFileType = sourcecode.c.objc; path = "NSData+CommonCryptor.m"; sourceTree = "<group>"; };
		3D8217AB1D3F45A20077850F /* NSDictionary+Category.h */ = {isa = PBXFileReference; fileEncoding = 4; lastKnownFileType = sourcecode.c.h; path = "NSDictionary+Category.h"; sourceTree = "<group>"; };
		3D8217AC1D3F45A20077850F /* NSDictionary+Category.m */ = {isa = PBXFileReference; fileEncoding = 4; lastKnownFileType = sourcecode.c.objc; path = "NSDictionary+Category.m"; sourceTree = "<group>"; };
		3D8217B31D3F45A20077850F /* NSString+Category.h */ = {isa = PBXFileReference; fileEncoding = 4; lastKnownFileType = sourcecode.c.h; path = "NSString+Category.h"; sourceTree = "<group>"; };
		3D8217B41D3F45A20077850F /* NSString+Category.m */ = {isa = PBXFileReference; fileEncoding = 4; lastKnownFileType = sourcecode.c.objc; path = "NSString+Category.m"; sourceTree = "<group>"; };
		3D8217B71D3F45A20077850F /* NSString+MD5.h */ = {isa = PBXFileReference; fileEncoding = 4; lastKnownFileType = sourcecode.c.h; path = "NSString+MD5.h"; sourceTree = "<group>"; };
		3D8217B81D3F45A20077850F /* NSString+MD5.m */ = {isa = PBXFileReference; fileEncoding = 4; lastKnownFileType = sourcecode.c.objc; path = "NSString+MD5.m"; sourceTree = "<group>"; };
		3D8217C11D3F45A20077850F /* UIButton+Category.h */ = {isa = PBXFileReference; fileEncoding = 4; lastKnownFileType = sourcecode.c.h; path = "UIButton+Category.h"; sourceTree = "<group>"; };
		3D8217C21D3F45A20077850F /* UIButton+Category.m */ = {isa = PBXFileReference; fileEncoding = 4; lastKnownFileType = sourcecode.c.objc; path = "UIButton+Category.m"; sourceTree = "<group>"; };
		3D8217CD1D3F45A20077850F /* UIImage+Category.h */ = {isa = PBXFileReference; fileEncoding = 4; lastKnownFileType = sourcecode.c.h; path = "UIImage+Category.h"; sourceTree = "<group>"; };
		3D8217CE1D3F45A20077850F /* UIImage+Category.m */ = {isa = PBXFileReference; fileEncoding = 4; lastKnownFileType = sourcecode.c.objc; path = "UIImage+Category.m"; sourceTree = "<group>"; };
		3D8217D11D3F45A20077850F /* UIMenuItem+Category.h */ = {isa = PBXFileReference; fileEncoding = 4; lastKnownFileType = sourcecode.c.h; path = "UIMenuItem+Category.h"; sourceTree = "<group>"; };
		3D8217D21D3F45A20077850F /* UIMenuItem+Category.m */ = {isa = PBXFileReference; fileEncoding = 4; lastKnownFileType = sourcecode.c.objc; path = "UIMenuItem+Category.m"; sourceTree = "<group>"; };
		3D8217D91D3F45A20077850F /* UIView+Category.h */ = {isa = PBXFileReference; fileEncoding = 4; lastKnownFileType = sourcecode.c.h; path = "UIView+Category.h"; sourceTree = "<group>"; };
		3D8217DA1D3F45A20077850F /* UIView+Category.m */ = {isa = PBXFileReference; fileEncoding = 4; lastKnownFileType = sourcecode.c.objc; path = "UIView+Category.m"; sourceTree = "<group>"; };
		3D8218011D3F514F0077850F /* NSArray+Category.h */ = {isa = PBXFileReference; fileEncoding = 4; lastKnownFileType = sourcecode.c.h; path = "NSArray+Category.h"; sourceTree = "<group>"; };
		3D8218021D3F514F0077850F /* NSArray+Category.m */ = {isa = PBXFileReference; fileEncoding = 4; lastKnownFileType = sourcecode.c.objc; path = "NSArray+Category.m"; sourceTree = "<group>"; };
		3D8218071D3F5ECB0077850F /* NSString+Predicate.h */ = {isa = PBXFileReference; fileEncoding = 4; lastKnownFileType = sourcecode.c.h; path = "NSString+Predicate.h"; sourceTree = "<group>"; };
		3D8218081D3F5ECB0077850F /* NSString+Predicate.m */ = {isa = PBXFileReference; fileEncoding = 4; lastKnownFileType = sourcecode.c.objc; path = "NSString+Predicate.m"; sourceTree = "<group>"; };
		3D82180D1D3F6A930077850F /* NSString+DisplayTime.h */ = {isa = PBXFileReference; fileEncoding = 4; lastKnownFileType = sourcecode.c.h; path = "NSString+DisplayTime.h"; sourceTree = "<group>"; };
		3D82180E1D3F6A930077850F /* NSString+DisplayTime.m */ = {isa = PBXFileReference; fileEncoding = 4; lastKnownFileType = sourcecode.c.objc; path = "NSString+DisplayTime.m"; sourceTree = "<group>"; };
		3DC904111F4D748700E56004 /* NSObject+Category.h */ = {isa = PBXFileReference; fileEncoding = 4; lastKnownFileType = sourcecode.c.h; path = "NSObject+Category.h"; sourceTree = "<group>"; };
		3DC904121F4D748700E56004 /* NSObject+Category.m */ = {isa = PBXFileReference; fileEncoding = 4; lastKnownFileType = sourcecode.c.objc; path = "NSObject+Category.m"; sourceTree = "<group>"; };
		3DC904141F4D790F00E56004 /* NSObject+PerformBlock.h */ = {isa = PBXFileReference; fileEncoding = 4; lastKnownFileType = sourcecode.c.h; path = "NSObject+PerformBlock.h"; sourceTree = "<group>"; };
		3DC904151F4D790F00E56004 /* NSObject+PerformBlock.m */ = {isa = PBXFileReference; fileEncoding = 4; lastKnownFileType = sourcecode.c.objc; path = "NSObject+PerformBlock.m"; sourceTree = "<group>"; };
		3DC9041A1F4D7E6E00E56004 /* UIView+Frame.h */ = {isa = PBXFileReference; fileEncoding = 4; lastKnownFileType = sourcecode.c.h; path = "UIView+Frame.h"; sourceTree = "<group>"; };
		3DC9041B1F4D7E6E00E56004 /* UIView+Frame.m */ = {isa = PBXFileReference; fileEncoding = 4; lastKnownFileType = sourcecode.c.objc; path = "UIView+Frame.m"; sourceTree = "<group>"; };
		3DC9041D1F4D87E200E56004 /* UIColor+Category.h */ = {isa = PBXFileReference; fileEncoding = 4; lastKnownFileType = sourcecode.c.h; path = "UIColor+Category.h"; sourceTree = "<group>"; };
		3DC9041E1F4D87E200E56004 /* UIColor+Category.m */ = {isa = PBXFileReference; fileEncoding = 4; lastKnownFileType = sourcecode.c.objc; path = "UIColor+Category.m"; sourceTree = "<group>"; };
		3DC904201F4EAE2F00E56004 /* NSString+Safe.h */ = {isa = PBXFileReference; fileEncoding = 4; lastKnownFileType = sourcecode.c.h; path = "NSString+Safe.h"; sourceTree = "<group>"; };
		3DC904211F4EAE2F00E56004 /* NSString+Safe.m */ = {isa = PBXFileReference; fileEncoding = 4; lastKnownFileType = sourcecode.c.objc; path = "NSString+Safe.m"; sourceTree = "<group>"; };
		3DC904231F4EB8CD00E56004 /* NSMutableString+Safe.h */ = {isa = PBXFileReference; fileEncoding = 4; lastKnownFileType = sourcecode.c.h; path = "NSMutableString+Safe.h"; sourceTree = "<group>"; };
		3DC904241F4EB8CD00E56004 /* NSMutableString+Safe.m */ = {isa = PBXFileReference; fileEncoding = 4; lastKnownFileType = sourcecode.c.objc; path = "NSMutableString+Safe.m"; sourceTree = "<group>"; };
		3DD78BCB1F669053003B8E9F /* UITableView+CellAnimation.h */ = {isa = PBXFileReference; fileEncoding = 4; lastKnownFileType = sourcecode.c.h; path = "UITableView+CellAnimation.h"; sourceTree = "<group>"; };
		3DD78BCC1F669053003B8E9F /* UITableView+CellAnimation.m */ = {isa = PBXFileReference; fileEncoding = 4; lastKnownFileType = sourcecode.c.objc; path = "UITableView+CellAnimation.m"; sourceTree = "<group>"; };
		3DFAD8EA20AEA1400067ACDE /* NSDictionary+Safe.h */ = {isa = PBXFileReference; lastKnownFileType = sourcecode.c.h; path = "NSDictionary+Safe.h"; sourceTree = "<group>"; };
		3DFAD8EB20AEA1400067ACDE /* NSDictionary+Safe.m */ = {isa = PBXFileReference; lastKnownFileType = sourcecode.c.objc; path = "NSDictionary+Safe.m"; sourceTree = "<group>"; };
		3DFAD8ED20AEA1870067ACDE /* NSMutableDictionary+Safe.h */ = {isa = PBXFileReference; lastKnownFileType = sourcecode.c.h; path = "NSMutableDictionary+Safe.h"; sourceTree = "<group>"; };
		3DFAD8EE20AEA1870067ACDE /* NSMutableDictionary+Safe.m */ = {isa = PBXFileReference; lastKnownFileType = sourcecode.c.objc; path = "NSMutableDictionary+Safe.m"; sourceTree = "<group>"; };
		3DFAD8F020AEA7F80067ACDE /* NSArray+Safe.h */ = {isa = PBXFileReference; lastKnownFileType = sourcecode.c.h; path = "NSArray+Safe.h"; sourceTree = "<group>"; };
		3DFAD8F120AEA7F80067ACDE /* NSArray+Safe.m */ = {isa = PBXFileReference; lastKnownFileType = sourcecode.c.objc; path = "NSArray+Safe.m"; sourceTree = "<group>"; };
		3DFAD8F320AEB58C0067ACDE /* NSMutableArray+Safe.h */ = {isa = PBXFileReference; lastKnownFileType = sourcecode.c.h; path = "NSMutableArray+Safe.h"; sourceTree = "<group>"; };
		3DFAD8F420AEB58C0067ACDE /* NSMutableArray+Safe.m */ = {isa = PBXFileReference; lastKnownFileType = sourcecode.c.objc; path = "NSMutableArray+Safe.m"; sourceTree = "<group>"; };
		3DFAD93620B2E0950067ACDE /* NSObject+Swizzle.h */ = {isa = PBXFileReference; fileEncoding = 4; lastKnownFileType = sourcecode.c.h; path = "NSObject+Swizzle.h"; sourceTree = "<group>"; };
		3DFAD93720B2E0950067ACDE /* NSObject+Swizzle.m */ = {isa = PBXFileReference; fileEncoding = 4; lastKnownFileType = sourcecode.c.objc; path = "NSObject+Swizzle.m"; sourceTree = "<group>"; };
/* End PBXFileReference section */

/* Begin PBXFrameworksBuildPhase section */
		3D8217921D3F44C90077850F /* Frameworks */ = {
			isa = PBXFrameworksBuildPhase;
			buildActionMask = 2147483647;
			files = (
			);
			runOnlyForDeploymentPostprocessing = 0;
		};
/* End PBXFrameworksBuildPhase section */

/* Begin PBXGroup section */
		3D82178C1D3F44C90077850F = {
			isa = PBXGroup;
			children = (
				3D8217971D3F44C90077850F /* iOS-Category */,
				3D8217961D3F44C90077850F /* Products */,
			);
			sourceTree = "<group>";
		};
		3D8217961D3F44C90077850F /* Products */ = {
			isa = PBXGroup;
			children = (
				3D8217951D3F44C90077850F /* libiOS-Category.a */,
			);
			name = Products;
			sourceTree = "<group>";
		};
		3D8217971D3F44C90077850F /* iOS-Category */ = {
			isa = PBXGroup;
			children = (
				3DD78BCA1F669025003B8E9F /* TableView */,
				3DC904061F4D5DC700E56004 /* NSString */,
				3DC904091F4D5EF200E56004 /* NSDictionary */,
				3DC904081F4D5EE300E56004 /* NSArray */,
				3DC904101F4D746C00E56004 /* NSObject */,
				3DC9040F1F4D6D2500E56004 /* UIMenuItem */,
				3DC9040E1F4D683D00E56004 /* NSData */,
				3DC9040D1F4D66A100E56004 /* UIColor */,
				3DC9040C1F4D669900E56004 /* UIImage */,
				3DC9040B1F4D663200E56004 /* UIView */,
				3DC9040A1F4D651200E56004 /* UIButton */,
				3DC904071F4D5E2200E56004 /* NSAttributedString */,
			);
			path = "iOS-Category";
			sourceTree = "<group>";
		};
		3DC904061F4D5DC700E56004 /* NSString */ = {
			isa = PBXGroup;
			children = (
				3D8217B31D3F45A20077850F /* NSString+Category.h */,
				3D8217B41D3F45A20077850F /* NSString+Category.m */,
				3D8218071D3F5ECB0077850F /* NSString+Predicate.h */,
				3D8218081D3F5ECB0077850F /* NSString+Predicate.m */,
				3D82180D1D3F6A930077850F /* NSString+DisplayTime.h */,
				3D82180E1D3F6A930077850F /* NSString+DisplayTime.m */,
				3D8217B71D3F45A20077850F /* NSString+MD5.h */,
				3D8217B81D3F45A20077850F /* NSString+MD5.m */,
				3DC904201F4EAE2F00E56004 /* NSString+Safe.h */,
				3DC904211F4EAE2F00E56004 /* NSString+Safe.m */,
				3DC904231F4EB8CD00E56004 /* NSMutableString+Safe.h */,
				3DC904241F4EB8CD00E56004 /* NSMutableString+Safe.m */,
			);
			name = NSString;
			sourceTree = "<group>";
		};
		3DC904071F4D5E2200E56004 /* NSAttributedString */ = {
			isa = PBXGroup;
			children = (
				3D8217A51D3F45A20077850F /* NSAttributedString+Category.h */,
				3D8217A61D3F45A20077850F /* NSAttributedString+Category.m */,
			);
			name = NSAttributedString;
			sourceTree = "<group>";
		};
		3DC904081F4D5EE300E56004 /* NSArray */ = {
			isa = PBXGroup;
			children = (
				3D8218011D3F514F0077850F /* NSArray+Category.h */,
				3D8218021D3F514F0077850F /* NSArray+Category.m */,
				3DFAD8F020AEA7F80067ACDE /* NSArray+Safe.h */,
				3DFAD8F120AEA7F80067ACDE /* NSArray+Safe.m */,
				3DFAD8F320AEB58C0067ACDE /* NSMutableArray+Safe.h */,
				3DFAD8F420AEB58C0067ACDE /* NSMutableArray+Safe.m */,
			);
			name = NSArray;
			sourceTree = "<group>";
		};
		3DC904091F4D5EF200E56004 /* NSDictionary */ = {
			isa = PBXGroup;
			children = (
				3D8217AB1D3F45A20077850F /* NSDictionary+Category.h */,
				3D8217AC1D3F45A20077850F /* NSDictionary+Category.m */,
				3DFAD8EA20AEA1400067ACDE /* NSDictionary+Safe.h */,
				3DFAD8EB20AEA1400067ACDE /* NSDictionary+Safe.m */,
				3DFAD8ED20AEA1870067ACDE /* NSMutableDictionary+Safe.h */,
				3DFAD8EE20AEA1870067ACDE /* NSMutableDictionary+Safe.m */,
			);
			name = NSDictionary;
			sourceTree = "<group>";
		};
		3DC9040A1F4D651200E56004 /* UIButton */ = {
			isa = PBXGroup;
			children = (
				3D8217C11D3F45A20077850F /* UIButton+Category.h */,
				3D8217C21D3F45A20077850F /* UIButton+Category.m */,
			);
			name = UIButton;
			sourceTree = "<group>";
		};
		3DC9040B1F4D663200E56004 /* UIView */ = {
			isa = PBXGroup;
			children = (
				3D8217D91D3F45A20077850F /* UIView+Category.h */,
				3D8217DA1D3F45A20077850F /* UIView+Category.m */,
				3DC9041A1F4D7E6E00E56004 /* UIView+Frame.h */,
				3DC9041B1F4D7E6E00E56004 /* UIView+Frame.m */,
			);
			name = UIView;
			sourceTree = "<group>";
		};
		3DC9040C1F4D669900E56004 /* UIImage */ = {
			isa = PBXGroup;
			children = (
				3D8217CD1D3F45A20077850F /* UIImage+Category.h */,
				3D8217CE1D3F45A20077850F /* UIImage+Category.m */,
			);
			name = UIImage;
			sourceTree = "<group>";
		};
		3DC9040D1F4D66A100E56004 /* UIColor */ = {
			isa = PBXGroup;
			children = (
				3DC9041D1F4D87E200E56004 /* UIColor+Category.h */,
				3DC9041E1F4D87E200E56004 /* UIColor+Category.m */,
			);
			name = UIColor;
			sourceTree = "<group>";
		};
		3DC9040E1F4D683D00E56004 /* NSData */ = {
			isa = PBXGroup;
			children = (
				3D8217A91D3F45A20077850F /* NSData+CommonCryptor.h */,
				3D8217AA1D3F45A20077850F /* NSData+CommonCryptor.m */,
			);
			name = NSData;
			sourceTree = "<group>";
		};
		3DC9040F1F4D6D2500E56004 /* UIMenuItem */ = {
			isa = PBXGroup;
			children = (
				3D8217D11D3F45A20077850F /* UIMenuItem+Category.h */,
				3D8217D21D3F45A20077850F /* UIMenuItem+Category.m */,
			);
			name = UIMenuItem;
			sourceTree = "<group>";
		};
		3DC904101F4D746C00E56004 /* NSObject */ = {
			isa = PBXGroup;
			children = (
				3DFAD93620B2E0950067ACDE /* NSObject+Swizzle.h */,
				3DFAD93720B2E0950067ACDE /* NSObject+Swizzle.m */,
				3DC904111F4D748700E56004 /* NSObject+Category.h */,
				3DC904121F4D748700E56004 /* NSObject+Category.m */,
				3DC904141F4D790F00E56004 /* NSObject+PerformBlock.h */,
				3DC904151F4D790F00E56004 /* NSObject+PerformBlock.m */,
			);
			name = NSObject;
			sourceTree = "<group>";
		};
		3DD78BCA1F669025003B8E9F /* TableView */ = {
			isa = PBXGroup;
			children = (
				3DD78BCB1F669053003B8E9F /* UITableView+CellAnimation.h */,
				3DD78BCC1F669053003B8E9F /* UITableView+CellAnimation.m */,
			);
			name = TableView;
			sourceTree = "<group>";
		};
/* End PBXGroup section */

/* Begin PBXNativeTarget section */
		3D8217941D3F44C90077850F /* iOS-Category */ = {
			isa = PBXNativeTarget;
			buildConfigurationList = 3D82179E1D3F44C90077850F /* Build configuration list for PBXNativeTarget "iOS-Category" */;
			buildPhases = (
				3D8217911D3F44C90077850F /* Sources */,
				3D8217921D3F44C90077850F /* Frameworks */,
				3D8217931D3F44C90077850F /* CopyFiles */,
			);
			buildRules = (
			);
			dependencies = (
			);
			name = "iOS-Category";
			productName = "iOS-Category";
			productReference = 3D8217951D3F44C90077850F /* libiOS-Category.a */;
			productType = "com.apple.product-type.library.static";
		};
/* End PBXNativeTarget section */

/* Begin PBXProject section */
		3D82178D1D3F44C90077850F /* Project object */ = {
			isa = PBXProject;
			attributes = {
				LastUpgradeCheck = 0730;
				ORGANIZATIONNAME = BBFC;
				TargetAttributes = {
					3D8217941D3F44C90077850F = {
						CreatedOnToolsVersion = 7.3.1;
					};
				};
			};
			buildConfigurationList = 3D8217901D3F44C90077850F /* Build configuration list for PBXProject "iOS-Category" */;
			compatibilityVersion = "Xcode 3.2";
			developmentRegion = English;
			hasScannedForEncodings = 0;
			knownRegions = (
				en,
			);
			mainGroup = 3D82178C1D3F44C90077850F;
			productRefGroup = 3D8217961D3F44C90077850F /* Products */;
			projectDirPath = "";
			projectRoot = "";
			targets = (
				3D8217941D3F44C90077850F /* iOS-Category */,
			);
		};
/* End PBXProject section */

/* Begin PBXSourcesBuildPhase section */
		3D8217911D3F44C90077850F /* Sources */ = {
			isa = PBXSourcesBuildPhase;
			buildActionMask = 2147483647;
			files = (
				3DFAD93820B2E0960067ACDE /* NSObject+Swizzle.m in Sources */,
				3DFAD8EF20AEA1870067ACDE /* NSMutableDictionary+Safe.m in Sources */,
				3D82180F1D3F6A930077850F /* NSString+DisplayTime.m in Sources */,
				3D8217E31D3F45A20077850F /* NSData+CommonCryptor.m in Sources */,
				3DFAD8F520AEB58C0067ACDE /* NSMutableArray+Safe.m in Sources */,
				3DC9041C1F4D7E6E00E56004 /* UIView+Frame.m in Sources */,
				3D8217E81D3F45A20077850F /* NSString+Category.m in Sources */,
				3DD78BCD1F669053003B8E9F /* UITableView+CellAnimation.m in Sources */,
				3DC904131F4D748700E56004 /* NSObject+Category.m in Sources */,
				3D8217EA1D3F45A20077850F /* NSString+MD5.m in Sources */,
				3D8217E11D3F45A20077850F /* NSAttributedString+Category.m in Sources */,
				3D8217EF1D3F45A20077850F /* UIButton+Category.m in Sources */,
				3DFAD8F220AEA7F80067ACDE /* NSArray+Safe.m in Sources */,
				3D8217E41D3F45A20077850F /* NSDictionary+Category.m in Sources */,
				3DC904161F4D790F00E56004 /* NSObject+PerformBlock.m in Sources */,
				3DC904221F4EAE2F00E56004 /* NSString+Safe.m in Sources */,
				3D8217F71D3F45A20077850F /* UIMenuItem+Category.m in Sources */,
				3D8217FB1D3F45A20077850F /* UIView+Category.m in Sources */,
				3DFAD8EC20AEA1400067ACDE /* NSDictionary+Safe.m in Sources */,
				3D8217F51D3F45A20077850F /* UIImage+Category.m in Sources */,
				3DC904251F4EB8CD00E56004 /* NSMutableString+Safe.m in Sources */,
				3D8218091D3F5ECB0077850F /* NSString+Predicate.m in Sources */,
				3D8218031D3F514F0077850F /* NSArray+Category.m in Sources */,
				3DC9041F1F4D87E200E56004 /* UIColor+Category.m in Sources */,
			);
			runOnlyForDeploymentPostprocessing = 0;
		};
/* End PBXSourcesBuildPhase section */

/* Begin XCBuildConfiguration section */
		3D82179C1D3F44C90077850F /* Debug */ = {
			isa = XCBuildConfiguration;
			buildSettings = {
				ALWAYS_SEARCH_USER_PATHS = NO;
				CLANG_ANALYZER_NONNULL = YES;
				CLANG_CXX_LANGUAGE_STANDARD = "gnu++0x";
				CLANG_CXX_LIBRARY = "libc++";
				CLANG_ENABLE_MODULES = YES;
				CLANG_ENABLE_OBJC_ARC = YES;
				CLANG_WARN_BOOL_CONVERSION = YES;
				CLANG_WARN_CONSTANT_CONVERSION = YES;
				CLANG_WARN_DIRECT_OBJC_ISA_USAGE = YES_ERROR;
				CLANG_WARN_EMPTY_BODY = YES;
				CLANG_WARN_ENUM_CONVERSION = YES;
				CLANG_WARN_INT_CONVERSION = YES;
				CLANG_WARN_OBJC_ROOT_CLASS = YES_ERROR;
				CLANG_WARN_UNREACHABLE_CODE = YES;
				CLANG_WARN__DUPLICATE_METHOD_MATCH = YES;
				"CODE_SIGN_IDENTITY[sdk=iphoneos*]" = "iPhone Developer";
				COPY_PHASE_STRIP = NO;
				DEBUG_INFORMATION_FORMAT = dwarf;
				ENABLE_STRICT_OBJC_MSGSEND = YES;
				ENABLE_TESTABILITY = YES;
				GCC_C_LANGUAGE_STANDARD = gnu99;
				GCC_DYNAMIC_NO_PIC = NO;
				GCC_NO_COMMON_BLOCKS = YES;
				GCC_OPTIMIZATION_LEVEL = 0;
				GCC_PREPROCESSOR_DEFINITIONS = (
					"DEBUG=1",
					"$(inherited)",
				);
				GCC_WARN_64_TO_32_BIT_CONVERSION = YES;
				GCC_WARN_ABOUT_RETURN_TYPE = YES_ERROR;
				GCC_WARN_UNDECLARED_SELECTOR = YES;
				GCC_WARN_UNINITIALIZED_AUTOS = YES_AGGRESSIVE;
				GCC_WARN_UNUSED_FUNCTION = YES;
				GCC_WARN_UNUSED_VARIABLE = YES;
				IPHONEOS_DEPLOYMENT_TARGET = 9.3;
				MTL_ENABLE_DEBUG_INFO = YES;
				ONLY_ACTIVE_ARCH = YES;
				SDKROOT = iphoneos;
			};
			name = Debug;
		};
		3D82179D1D3F44C90077850F /* Release */ = {
			isa = XCBuildConfiguration;
			buildSettings = {
				ALWAYS_SEARCH_USER_PATHS = NO;
				CLANG_ANALYZER_NONNULL = YES;
				CLANG_CXX_LANGUAGE_STANDARD = "gnu++0x";
				CLANG_CXX_LIBRARY = "libc++";
				CLANG_ENABLE_MODULES = YES;
				CLANG_ENABLE_OBJC_ARC = YES;
				CLANG_WARN_BOOL_CONVERSION = YES;
				CLANG_WARN_CONSTANT_CONVERSION = YES;
				CLANG_WARN_DIRECT_OBJC_ISA_USAGE = YES_ERROR;
				CLANG_WARN_EMPTY_BODY = YES;
				CLANG_WARN_ENUM_CONVERSION = YES;
				CLANG_WARN_INT_CONVERSION = YES;
				CLANG_WARN_OBJC_ROOT_CLASS = YES_ERROR;
				CLANG_WARN_UNREACHABLE_CODE = YES;
				CLANG_WARN__DUPLICATE_METHOD_MATCH = YES;
				"CODE_SIGN_IDENTITY[sdk=iphoneos*]" = "iPhone Developer";
				COPY_PHASE_STRIP = NO;
				DEBUG_INFORMATION_FORMAT = "dwarf-with-dsym";
				ENABLE_NS_ASSERTIONS = NO;
				ENABLE_STRICT_OBJC_MSGSEND = YES;
				GCC_C_LANGUAGE_STANDARD = gnu99;
				GCC_NO_COMMON_BLOCKS = YES;
				GCC_WARN_64_TO_32_BIT_CONVERSION = YES;
				GCC_WARN_ABOUT_RETURN_TYPE = YES_ERROR;
				GCC_WARN_UNDECLARED_SELECTOR = YES;
				GCC_WARN_UNINITIALIZED_AUTOS = YES_AGGRESSIVE;
				GCC_WARN_UNUSED_FUNCTION = YES;
				GCC_WARN_UNUSED_VARIABLE = YES;
				IPHONEOS_DEPLOYMENT_TARGET = 9.3;
				MTL_ENABLE_DEBUG_INFO = NO;
				SDKROOT = iphoneos;
				VALIDATE_PRODUCT = YES;
			};
			name = Release;
		};
		3D82179F1D3F44C90077850F /* Debug */ = {
			isa = XCBuildConfiguration;
			buildSettings = {
				OTHER_LDFLAGS = "-ObjC";
				PRODUCT_NAME = "$(TARGET_NAME)";
				SKIP_INSTALL = YES;
			};
			name = Debug;
		};
		3D8217A01D3F44C90077850F /* Release */ = {
			isa = XCBuildConfiguration;
			buildSettings = {
				OTHER_LDFLAGS = "-ObjC";
				PRODUCT_NAME = "$(TARGET_NAME)";
				SKIP_INSTALL = YES;
			};
			name = Release;
		};
/* End XCBuildConfiguration section */

/* Begin XCConfigurationList section */
		3D8217901D3F44C90077850F /* Build configuration list for PBXProject "iOS-Category" */ = {
			isa = XCConfigurationList;
			buildConfigurations = (
				3D82179C1D3F44C90077850F /* Debug */,
				3D82179D1D3F44C90077850F /* Release */,
			);
			defaultConfigurationIsVisible = 0;
			defaultConfigurationName = Release;
		};
		3D82179E1D3F44C90077850F /* Build configuration list for PBXNativeTarget "iOS-Category" */ = {
			isa = XCConfigurationList;
			buildConfigurations = (
				3D82179F1D3F44C90077850F /* Debug */,
				3D8217A01D3F44C90077850F /* Release */,
			);
			defaultConfigurationIsVisible = 0;
			defaultConfigurationName = Release;
		};
/* End XCConfigurationList section */
	};
	rootObject = 3D82178D1D3F44C90077850F /* Project object */;
}
